
Microsoft Visual Studio Solution File, Format Version 12.00
# Visual Studio Version 16
VisualStudioVersion = 16.0.29709.97
MinimumVisualStudioVersion = 10.0.40219.1
Project("{FAE04EC0-301F-11D3-BF4B-00C04F79EFBC}") = "Colections laba", "Colections laba\Colections laba.csproj", "{DFC97880-C921-4A71-9476-0E2EC79FFEF1}"
EndProject
Global
	GlobalSection(SolutionConfigurationPlatforms) = preSolution
		Debug|Any CPU = Debug|Any CPU
		Release|Any CPU = Release|Any CPU
	EndGlobalSection
	GlobalSection(ProjectConfigurationPlatforms) = postSolution
		{DFC97880-C921-4A71-9476-0E2EC79FFEF1}.Debug|Any CPU.ActiveCfg = Debug|Any CPU
		{DFC97880-C921-4A71-9476-0E2EC79FFEF1}.Debug|Any CPU.Build.0 = Debug|Any CPU
		{DFC97880-C921-4A71-9476-0E2EC79FFEF1}.Release|Any CPU.ActiveCfg = Release|Any CPU
		{DFC97880-C921-4A71-9476-0E2EC79FFEF1}.Release|Any CPU.Build.0 = Release|Any CPU
	EndGlobalSection
	GlobalSection(SolutionProperties) = preSolution
		HideSolutionNode = FALSE
	EndGlobalSection
	GlobalSection(ExtensibilityGlobals) = postSolution
		SolutionGuid = {402E5BB2-2487-4110-9E26-7BE7D623701F}
	EndGlobalSection
EndGlobal
